Microsoft Visual Studio Solution File, Format Version 11.00
# Visual Studio 2008

Project("{7979D9E1-60B4-0477-9B0A-610999B4A42E}") = "UniCoLib", "Assembly-CSharp.csproj", "{A0528D59-E19E-4111-54F4-50EA18525B74}"
EndProject
Global
	GlobalSection(SolutionConfigurationPlatforms) = preSolution
		Debug|Any CPU = Debug|Any CPU
		Release|Any CPU = Release|Any CPU
	EndGlobalSection
	GlobalSection(ProjectConfigurationPlatforms) = postSolution
		{A0528D59-E19E-4111-54F4-50EA18525B74}.Debug|Any CPU.ActiveCfg = Debug|Any CPU
		{A0528D59-E19E-4111-54F4-50EA18525B74}.Debug|Any CPU.Build.0 = Debug|Any CPU
		{A0528D59-E19E-4111-54F4-50EA18525B74}.Release|Any CPU.ActiveCfg = Release|Any CPU
		{A0528D59-E19E-4111-54F4-50EA18525B74}.Release|Any CPU.Build.0 = Release|Any CPU
	EndGlobalSection
	GlobalSection(SolutionProperties) = preSolution
		HideSolutionNode = FALSE
	EndGlobalSection
	GlobalSection(MonoDevelopProperties) = preSolution
		StartupItem = Assembly-CSharp.csproj
	EndGlobalSection
EndGlobal
